
Microsoft Visual Studio Solution File, Format Version 12.00
# Visual Studio Version 17
VisualStudioVersion = 17.3.32825.248
MinimumVisualStudioVersion = 10.0.40219.1
Project("{FAE04EC0-301F-11D3-BF4B-00C04F79EFBC}") = "MovieApp", "MovieApp\MovieApp.csproj", "{922D615B-49A0-49C0-A989-17CAD2EAC0AB}"
EndProject
Project("{FAE04EC0-301F-11D3-BF4B-00C04F79EFBC}") = "MovieApp.Data", "MovieApp.Data\MovieApp.Data.csproj", "{DDDFD1CB-4B04-4293-B3E0-26471B335B1B}"
EndProject
Global
	GlobalSection(SolutionConfigurationPlatforms) = preSolution
		Debug|Any CPU = Debug|Any CPU
		Release|Any CPU = Release|Any CPU
	EndGlobalSection
	GlobalSection(ProjectConfigurationPlatforms) = postSolution
		{922D615B-49A0-49C0-A989-17CAD2EAC0AB}.Debug|Any CPU.ActiveCfg = Debug|Any CPU
		{922D615B-49A0-49C0-A989-17CAD2EAC0AB}.Debug|Any CPU.Build.0 = Debug|Any CPU
		{922D615B-49A0-49C0-A989-17CAD2EAC0AB}.Release|Any CPU.ActiveCfg = Release|Any CPU
		{922D615B-49A0-49C0-A989-17CAD2EAC0AB}.Release|Any CPU.Build.0 = Release|Any CPU
		{DDDFD1CB-4B04-4293-B3E0-26471B335B1B}.Debug|Any CPU.ActiveCfg = Debug|Any CPU
		{DDDFD1CB-4B04-4293-B3E0-26471B335B1B}.Debug|Any CPU.Build.0 = Debug|Any CPU
		{DDDFD1CB-4B04-4293-B3E0-26471B335B1B}.Release|Any CPU.ActiveCfg = Release|Any CPU
		{DDDFD1CB-4B04-4293-B3E0-26471B335B1B}.Release|Any CPU.Build.0 = Release|Any CPU
	EndGlobalSection
	GlobalSection(SolutionProperties) = preSolution
		HideSolutionNode = FALSE
	EndGlobalSection
	GlobalSection(ExtensibilityGlobals) = postSolution
		SolutionGuid = {38C99B79-F114-4F42-954E-E862F8EA9A8A}
	EndGlobalSection
EndGlobal
